
Microsoft Visual Studio Solution File, Format Version 12.00
# Visual Studio Version 17
VisualStudioVersion = 17.0.32112.339
MinimumVisualStudioVersion = 10.0.40219.1
Project("{8BC9CEB8-8B4A-11D0-8D11-00A0C91BC942}") = "GameEngine", "GameEngine\GameEngine.vcxproj", "{4B728B60-ABFD-4F4F-8BF8-DC4CE994113D}"
EndProject
Project("{2150E333-8FDC-42A3-9474-1A3956D46DE8}") = "Doc", "Doc", "{9D4685A4-1BFB-4A0C-816A-7B84BE78C0CA}"
	ProjectSection(SolutionItems) = preProject
		Level Design.txt = Level Design.txt
		Object structure.txt = Object structure.txt
		이미지.txt = 이미지.txt
		젤다관련 정보들.txt = 젤다관련 정보들.txt
	EndProjectSection
EndProject
Project("{2150E333-8FDC-42A3-9474-1A3956D46DE8}") = "Level0", "Level0", "{BF59F6DC-923A-4624-AAE6-A13F0D52BD25}"
EndProject
Project("{8BC9CEB8-8B4A-11D0-8D11-00A0C91BC942}") = "GameEngineBase", "GameEngineBase\GameEngineBase.vcxproj", "{B9B39CFA-539D-4D56-8BE7-3D1ECDC7CB85}"
EndProject
Project("{2150E333-8FDC-42A3-9474-1A3956D46DE8}") = "Level1", "Level1", "{000874DF-E0D2-45B7-B171-90BFBDEE4A75}"
EndProject
Project("{2150E333-8FDC-42A3-9474-1A3956D46DE8}") = "Level2", "Level2", "{4D7FE19F-6F77-43D5-B418-16FDFA376111}"
EndProject
Project("{8BC9CEB8-8B4A-11D0-8D11-00A0C91BC942}") = "GameApp", "GameApp\GameApp.vcxproj", "{B9900F74-EA9B-473A-BDBD-C69C50CFDDEF}"
EndProject
Project("{2150E333-8FDC-42A3-9474-1A3956D46DE8}") = "Level3", "Level3", "{DA64AF14-6C63-4F3E-AD2C-FE0B9409E912}"
EndProject
Project("{8BC9CEB8-8B4A-11D0-8D11-00A0C91BC942}") = "GameEngineContents", "GameEngineContents\GameEngineContents.vcxproj", "{6880D1A8-F105-42D5-AB84-7C6D4A105870}"
EndProject
Global
	GlobalSection(SolutionConfigurationPlatforms) = preSolution
		Debug|x64 = Debug|x64
		Debug|x86 = Debug|x86
		Release|x64 = Release|x64
		Release|x86 = Release|x86
	EndGlobalSection
	GlobalSection(ProjectConfigurationPlatforms) = postSolution
		{4B728B60-ABFD-4F4F-8BF8-DC4CE994113D}.Debug|x64.ActiveCfg = Debug|x64
		{4B728B60-ABFD-4F4F-8BF8-DC4CE994113D}.Debug|x64.Build.0 = Debug|x64
		{4B728B60-ABFD-4F4F-8BF8-DC4CE994113D}.Debug|x86.ActiveCfg = Debug|Win32
		{4B728B60-ABFD-4F4F-8BF8-DC4CE994113D}.Debug|x86.Build.0 = Debug|Win32
		{4B728B60-ABFD-4F4F-8BF8-DC4CE994113D}.Release|x64.ActiveCfg = Release|x64
		{4B728B60-ABFD-4F4F-8BF8-DC4CE994113D}.Release|x64.Build.0 = Release|x64
		{4B728B60-ABFD-4F4F-8BF8-DC4CE994113D}.Release|x86.ActiveCfg = Release|Win32
		{4B728B60-ABFD-4F4F-8BF8-DC4CE994113D}.Release|x86.Build.0 = Release|Win32
		{B9B39CFA-539D-4D56-8BE7-3D1ECDC7CB85}.Debug|x64.ActiveCfg = Debug|x64
		{B9B39CFA-539D-4D56-8BE7-3D1ECDC7CB85}.Debug|x64.Build.0 = Debug|x64
		{B9B39CFA-539D-4D56-8BE7-3D1ECDC7CB85}.Debug|x86.ActiveCfg = Debug|Win32
		{B9B39CFA-539D-4D56-8BE7-3D1ECDC7CB85}.Debug|x86.Build.0 = Debug|Win32
		{B9B39CFA-539D-4D56-8BE7-3D1ECDC7CB85}.Release|x64.ActiveCfg = Release|x64
		{B9B39CFA-539D-4D56-8BE7-3D1ECDC7CB85}.Release|x64.Build.0 = Release|x64
		{B9B39CFA-539D-4D56-8BE7-3D1ECDC7CB85}.Release|x86.ActiveCfg = Release|Win32
		{B9B39CFA-539D-4D56-8BE7-3D1ECDC7CB85}.Release|x86.Build.0 = Release|Win32
		{B9900F74-EA9B-473A-BDBD-C69C50CFDDEF}.Debug|x64.ActiveCfg = Debug|x64
		{B9900F74-EA9B-473A-BDBD-C69C50CFDDEF}.Debug|x64.Build.0 = Debug|x64
		{B9900F74-EA9B-473A-BDBD-C69C50CFDDEF}.Debug|x86.ActiveCfg = Debug|Win32
		{B9900F74-EA9B-473A-BDBD-C69C50CFDDEF}.Debug|x86.Build.0 = Debug|Win32
		{B9900F74-EA9B-473A-BDBD-C69C50CFDDEF}.Release|x64.ActiveCfg = Release|x64
		{B9900F74-EA9B-473A-BDBD-C69C50CFDDEF}.Release|x64.Build.0 = Release|x64
		{B9900F74-EA9B-473A-BDBD-C69C50CFDDEF}.Release|x86.ActiveCfg = Release|Win32
		{B9900F74-EA9B-473A-BDBD-C69C50CFDDEF}.Release|x86.Build.0 = Release|Win32
		{6880D1A8-F105-42D5-AB84-7C6D4A105870}.Debug|x64.ActiveCfg = Debug|x64
		{6880D1A8-F105-42D5-AB84-7C6D4A105870}.Debug|x64.Build.0 = Debug|x64
		{6880D1A8-F105-42D5-AB84-7C6D4A105870}.Debug|x86.ActiveCfg = Debug|Win32
		{6880D1A8-F105-42D5-AB84-7C6D4A105870}.Debug|x86.Build.0 = Debug|Win32
		{6880D1A8-F105-42D5-AB84-7C6D4A105870}.Release|x64.ActiveCfg = Release|x64
		{6880D1A8-F105-42D5-AB84-7C6D4A105870}.Release|x64.Build.0 = Release|x64
		{6880D1A8-F105-42D5-AB84-7C6D4A105870}.Release|x86.ActiveCfg = Release|Win32
		{6880D1A8-F105-42D5-AB84-7C6D4A105870}.Release|x86.Build.0 = Release|Win32
	EndGlobalSection
	GlobalSection(SolutionProperties) = preSolution
		HideSolutionNode = FALSE
	EndGlobalSection
	GlobalSection(NestedProjects) = preSolution
		{4B728B60-ABFD-4F4F-8BF8-DC4CE994113D} = {000874DF-E0D2-45B7-B171-90BFBDEE4A75}
		{B9B39CFA-539D-4D56-8BE7-3D1ECDC7CB85} = {BF59F6DC-923A-4624-AAE6-A13F0D52BD25}
		{B9900F74-EA9B-473A-BDBD-C69C50CFDDEF} = {DA64AF14-6C63-4F3E-AD2C-FE0B9409E912}
		{6880D1A8-F105-42D5-AB84-7C6D4A105870} = {4D7FE19F-6F77-43D5-B418-16FDFA376111}
	EndGlobalSection
	GlobalSection(ExtensibilityGlobals) = postSolution
		SolutionGuid = {DBC719F3-6292-4567-B22A-9B9E60E012BF}
	EndGlobalSection
EndGlobal
