<?xml version="1.0" encoding="utf-8"?>
<Project ToolsVersion="4.0" xmlns="http://schemas.microsoft.com/developer/msbuild/2003">
  <ItemGroup>
    <ClInclude Include="Zelda.h" />
    <ClInclude Include="TitleLevel.h">
      <Filter>Level</Filter>
    </ClInclude>
    <ClInclude Include="EndLevel.h">
      <Filter>Level</Filter>
    </ClInclude>
    <ClInclude Include="TitleLogo.h">
      <Filter>Title</Filter>
    </ClInclude>
    <ClInclude Include="TitleBackGround.h">
      <Filter>Title</Filter>
    </ClInclude>
    <ClInclude Include="ItemBomb.h">
      <Filter>Play\Item</Filter>
    </ClInclude>
    <ClInclude Include="ItemFairy.h">
      <Filter>Play\Item</Filter>
    </ClInclude>
    <ClInclude Include="PlayerLink.h">
      <Filter>Play\Player</Filter>
    </ClInclude>
    <ClInclude Include="Map.h">
      <Filter>Map</Filter>
    </ClInclude>
    <ClInclude Include="MapLevel.h">
      <Filter>Level</Filter>
    </ClInclude>
    <ClInclude Include="PlayMap1F.h">
      <Filter>Level</Filter>
    </ClInclude>
    <ClInclude Include="PlayMap2F.h">
      <Filter>Level</Filter>
    </ClInclude>
    <ClInclude Include="PlayMapB1F.h">
      <Filter>Level</Filter>
    </ClInclude>
    <ClInclude Include="GameEngineContentsEnum.h" />
    <ClInclude Include="UIHeart.h">
      <Filter>Play\UI</Filter>
    </ClInclude>
    <ClInclude Include="UILayout.h">
      <Filter>Play\UI</Filter>
    </ClInclude>
    <ClInclude Include="UIMagicMeter.h">
      <Filter>Play\UI</Filter>
    </ClInclude>
    <ClInclude Include="Map1F.h">
      <Filter>Play\Map</Filter>
    </ClInclude>
    <ClInclude Include="EXMap.h">
      <Filter>Play\Map</Filter>
    </ClInclude>
    <ClInclude Include="UISelectedItem.h">
      <Filter>Play\UI</Filter>
    </ClInclude>
    <ClInclude Include="UINumbers.h">
      <Filter>Play\UI</Filter>
    </ClInclude>
    <ClInclude Include="Boomerang.h">
      <Filter>Play\Player\Equipment</Filter>
    </ClInclude>
    <ClInclude Include="Map1FRoof.h">
      <Filter>Play\Map</Filter>
    </ClInclude>
    <ClInclude Include="TitleTriangle.h">
      <Filter>Title</Filter>
    </ClInclude>
    <ClInclude Include="TitleTimeObject.h">
      <Filter>Title</Filter>
    </ClInclude>
    <ClInclude Include="TitleNintenPresents.h">
      <Filter>Title</Filter>
    </ClInclude>
    <ClInclude Include="Title19911992.h">
      <Filter>Title</Filter>
    </ClInclude>
    <ClInclude Include="TitleSword.h">
      <Filter>Title</Filter>
    </ClInclude>
    <ClInclude Include="TitleZeldaZ.h">
      <Filter>Title</Filter>
    </ClInclude>
    <ClInclude Include="TitleTripleTrigangle.h">
      <Filter>Title</Filter>
    </ClInclude>
    <ClInclude Include="TitleTwinkle.h">
      <Filter>Title</Filter>
    </ClInclude>
    <ClInclude Include="Map1FBridge.h">
      <Filter>Play\Map</Filter>
    </ClInclude>
    <ClInclude Include="BossArmomsKnight.h">
      <Filter>Play\Enemy\Yet</Filter>
    </ClInclude>
    <ClInclude Include="EnemyBubbleGroup.h">
      <Filter>Play\Enemy\Yet</Filter>
    </ClInclude>
    <ClInclude Include="EnemyDeathEffect.h">
      <Filter>Play\Enemy\Yet</Filter>
    </ClInclude>
    <ClInclude Include="EnemyGreenEyegore.h">
      <Filter>Play\Enemy\Yet</Filter>
    </ClInclude>
    <ClInclude Include="EnemyStalfos.h">
      <Filter>Play\Enemy\Yet</Filter>
    </ClInclude>
    <ClInclude Include="GlobalRandom.h" />
    <ClInclude Include="EnemyBall.h">
      <Filter>Play\Enemy\Ball</Filter>
    </ClInclude>
    <ClInclude Include="EnemyGargantuanBall.h">
      <Filter>Play\Enemy\Ball</Filter>
    </ClInclude>
    <ClInclude Include="Map1FBridgeBackGround.h">
      <Filter>Play\Map</Filter>
    </ClInclude>
    <ClInclude Include="Map1F_2.h">
      <Filter>Play\Map</Filter>
    </ClInclude>
    <ClInclude Include="Colmap.h">
      <Filter>Debug</Filter>
    </ClInclude>
    <ClInclude Include="EnemyBlueStalfos.h">
      <Filter>Play\Enemy\BlueStalfos</Filter>
    </ClInclude>
    <ClInclude Include="EnemyGlobalFunction.h">
      <Filter>Play\Enemy</Filter>
    </ClInclude>
    <ClInclude Include="Test.h">
      <Filter>Play\Enemy</Filter>
    </ClInclude>
    <ClInclude Include="EnemyAntiFairy.h">
      <Filter>Play\Enemy\AntiFairy</Filter>
    </ClInclude>
    <ClInclude Include="Map1FRoom8TreasureBox.h">
      <Filter>Play\Map\Objects\TreasureBox</Filter>
    </ClInclude>
    <ClInclude Include="Map1FRoom1Pot0.h">
      <Filter>Play\Map\Objects\Pot\Room1</Filter>
    </ClInclude>
    <ClInclude Include="Map1FRoom7Pot0.h">
      <Filter>Play\Map\Objects\Pot\Room7</Filter>
    </ClInclude>
    <ClInclude Include="Map1FRoom10Pot0.h">
      <Filter>Play\Map\Objects\Pot\Room10</Filter>
    </ClInclude>
    <ClInclude Include="Map1FRoom7EnemyBlueStalfos0.h">
      <Filter>Play\Enemy\BlueStalfos\Room7</Filter>
    </ClInclude>
    <ClInclude Include="Map1FRoom9EnemyBlueStalfos0.h">
      <Filter>Play\Enemy\BlueStalfos\Room9</Filter>
    </ClInclude>
    <ClInclude Include="Map1FRoom10EnemyBlueStalfos0.h">
      <Filter>Play\Enemy\BlueStalfos\Room10</Filter>
    </ClInclude>
    <ClInclude Include="Map1FRoom10Pot0B1F.h">
      <Filter>Play\Map\Objects\Pot\Room10</Filter>
    </ClInclude>
    <ClInclude Include="BlackScreen.h">
      <Filter>Play\Player</Filter>
    </ClInclude>
    <ClInclude Include="Map1FRoom5EnemyPopo0.h">
      <Filter>Play\Enemy\Popo\Room5</Filter>
    </ClInclude>
    <ClInclude Include="ItemGlobalFunction.h">
      <Filter>Play\Item</Filter>
    </ClInclude>
    <ClInclude Include="Map1FRoom6Pot0.h">
      <Filter>Play\Map\Objects\Pot\Room6</Filter>
    </ClInclude>
    <ClInclude Include="ItemBlueRupee.h">
      <Filter>Play\Item\Rupee</Filter>
    </ClInclude>
    <ClInclude Include="ItemGreenRupee.h">
      <Filter>Play\Item\Rupee</Filter>
    </ClInclude>
    <ClInclude Include="ItemRecoveryHeart.h">
      <Filter>Play\Item</Filter>
    </ClInclude>
    <ClInclude Include="ItemRedRupee.h">
      <Filter>Play\Item\Rupee</Filter>
    </ClInclude>
    <ClInclude Include="Map1FRoom2EnemyPopo0.h">
      <Filter>Play\Enemy\Popo</Filter>
    </ClInclude>
    <ClInclude Include="ItemBigKey.h">
      <Filter>Play\Item</Filter>
    </ClInclude>
    <ClInclude Include="ItemKey.h">
      <Filter>Play\Item</Filter>
    </ClInclude>
    <ClInclude Include="Map1FRoom4Pot0.h">
      <Filter>Play\Map\Objects\Pot\Room4</Filter>
    </ClInclude>
    <ClInclude Include="Map1FRoom4TreasureBox.h">
      <Filter>Play\Map\Objects\TreasureBox</Filter>
    </ClInclude>
    <ClInclude Include="Map1FRoom6EnemyBlueStalfos0.h">
      <Filter>Play\Enemy\BlueStalfos\Room6</Filter>
    </ClInclude>
    <ClInclude Include="Map1FRoom3TreasureBox.h">
      <Filter>Play\Map\Objects\TreasureBox</Filter>
    </ClInclude>
    <ClInclude Include="Map1FRoom3EmptyTreasureBox.h">
      <Filter>Play\Map\Objects\TreasureBox</Filter>
    </ClInclude>
  </ItemGroup>
  <ItemGroup>
    <ClCompile Include="Zelda.cpp" />
    <ClCompile Include="TitleLevel.cpp">
      <Filter>Level</Filter>
    </ClCompile>
    <ClCompile Include="EndLevel.cpp">
      <Filter>Level</Filter>
    </ClCompile>
    <ClCompile Include="TitleLogo.cpp">
      <Filter>Title</Filter>
    </ClCompile>
    <ClCompile Include="TitleBackGround.cpp">
      <Filter>Title</Filter>
    </ClCompile>
    <ClCompile Include="ItemBomb.cpp">
      <Filter>Play\Item</Filter>
    </ClCompile>
    <ClCompile Include="ItemRecoveryHeart.cpp">
      <Filter>Play\Item</Filter>
    </ClCompile>
    <ClCompile Include="ItemFairy.cpp">
      <Filter>Play\Item</Filter>
    </ClCompile>
    <ClCompile Include="PlayerLink.cpp">
      <Filter>Play\Player</Filter>
    </ClCompile>
    <ClCompile Include="Map.cpp">
      <Filter>Map</Filter>
    </ClCompile>
    <ClCompile Include="MapLevel.cpp">
      <Filter>Level</Filter>
    </ClCompile>
    <ClCompile Include="PlayMap1F.cpp">
      <Filter>Level</Filter>
    </ClCompile>
    <ClCompile Include="PlayMap2F.cpp">
      <Filter>Level</Filter>
    </ClCompile>
    <ClCompile Include="PlayMapB1F.cpp">
      <Filter>Level</Filter>
    </ClCompile>
    <ClCompile Include="UIHeart.cpp">
      <Filter>Play\UI</Filter>
    </ClCompile>
    <ClCompile Include="UILayout.cpp">
      <Filter>Play\UI</Filter>
    </ClCompile>
    <ClCompile Include="UIMagicMeter.cpp">
      <Filter>Play\UI</Filter>
    </ClCompile>
    <ClCompile Include="UINumbers.cpp">
      <Filter>Play\UI</Filter>
    </ClCompile>
    <ClCompile Include="EXMap.cpp">
      <Filter>Play\Map</Filter>
    </ClCompile>
    <ClCompile Include="Map1F.cpp">
      <Filter>Play\Map</Filter>
    </ClCompile>
    <ClCompile Include="UISelectedItem.cpp">
      <Filter>Play\UI</Filter>
    </ClCompile>
    <ClCompile Include="Boomerang.cpp">
      <Filter>Play\Player\Equipment</Filter>
    </ClCompile>
    <ClCompile Include="Map1FRoof.cpp">
      <Filter>Play\Map</Filter>
    </ClCompile>
    <ClCompile Include="TitleTriangle.cpp">
      <Filter>Title</Filter>
    </ClCompile>
    <ClCompile Include="TitleTimeObject.cpp">
      <Filter>Title</Filter>
    </ClCompile>
    <ClCompile Include="TitleNintenPresents.cpp">
      <Filter>Title</Filter>
    </ClCompile>
    <ClCompile Include="Title19911992.cpp">
      <Filter>Title</Filter>
    </ClCompile>
    <ClCompile Include="TitleSword.cpp">
      <Filter>Title</Filter>
    </ClCompile>
    <ClCompile Include="TitleZeldaZ.cpp">
      <Filter>Title</Filter>
    </ClCompile>
    <ClCompile Include="TitleTripleTrigangle.cpp">
      <Filter>Title</Filter>
    </ClCompile>
    <ClCompile Include="TitleTwinkle.cpp">
      <Filter>Title</Filter>
    </ClCompile>
    <ClCompile Include="Map1FBridge.cpp">
      <Filter>Play\Map</Filter>
    </ClCompile>
    <ClCompile Include="BossArmomsKnight.cpp">
      <Filter>Play\Enemy\Yet</Filter>
    </ClCompile>
    <ClCompile Include="EnemyBubbleGroup.cpp">
      <Filter>Play\Enemy\Yet</Filter>
    </ClCompile>
    <ClCompile Include="EnemyDeathEffect.cpp">
      <Filter>Play\Enemy\Yet</Filter>
    </ClCompile>
    <ClCompile Include="EnemyGreenEyegore.cpp">
      <Filter>Play\Enemy\Yet</Filter>
    </ClCompile>
    <ClCompile Include="EnemyStalfos.cpp">
      <Filter>Play\Enemy\Yet</Filter>
    </ClCompile>
    <ClCompile Include="PlayerLink_State.cpp">
      <Filter>Play\Player</Filter>
    </ClCompile>
    <ClCompile Include="GlobalRandom.cpp" />
    <ClCompile Include="EnemyBall.cpp">
      <Filter>Play\Enemy\Ball</Filter>
    </ClCompile>
    <ClCompile Include="EnemyGargantuanBall.cpp">
      <Filter>Play\Enemy\Ball</Filter>
    </ClCompile>
    <ClCompile Include="Map1FBridgeBackGround.cpp">
      <Filter>Play\Map</Filter>
    </ClCompile>
    <ClCompile Include="Map1F_2.cpp">
      <Filter>Play\Map</Filter>
    </ClCompile>
    <ClCompile Include="Colmap.cpp">
      <Filter>Debug</Filter>
    </ClCompile>
    <ClCompile Include="PlayerLink_Room_State.cpp">
      <Filter>Play\Player</Filter>
    </ClCompile>
    <ClCompile Include="EnemyBlueStalfos.cpp">
      <Filter>Play\Enemy\BlueStalfos</Filter>
    </ClCompile>
    <ClCompile Include="EnemyGlobalFunction.cpp">
      <Filter>Play\Enemy</Filter>
    </ClCompile>
    <ClCompile Include="Test.cpp">
      <Filter>Play\Enemy</Filter>
    </ClCompile>
    <ClCompile Include="EnemyAntiFairy.cpp">
      <Filter>Play\Enemy\AntiFairy</Filter>
    </ClCompile>
    <ClCompile Include="Map1FRoom8TreasureBox.cpp">
      <Filter>Play\Map\Objects\TreasureBox</Filter>
    </ClCompile>
    <ClCompile Include="Map1FRoom1Pot0.cpp">
      <Filter>Play\Map\Objects\Pot\Room1</Filter>
    </ClCompile>
    <ClCompile Include="Map1FRoom7Pot0.cpp">
      <Filter>Play\Map\Objects\Pot\Room7</Filter>
    </ClCompile>
    <ClCompile Include="Map1FRoom10Pot0.cpp">
      <Filter>Play\Map\Objects\Pot\Room10</Filter>
    </ClCompile>
    <ClCompile Include="Map1FRoom7EnemyBlueStalfos0.cpp">
      <Filter>Play\Enemy\BlueStalfos\Room7</Filter>
    </ClCompile>
    <ClCompile Include="Map1FRoom9EnemyBlueStalfos0.cpp">
      <Filter>Play\Enemy\BlueStalfos\Room9</Filter>
    </ClCompile>
    <ClCompile Include="Map1FRoom10EnemyBlueStalfos0.cpp">
      <Filter>Play\Enemy\BlueStalfos\Room10</Filter>
    </ClCompile>
    <ClCompile Include="Map1FRoom10Pot0B1F.cpp">
      <Filter>Play\Map\Objects\Pot\Room10</Filter>
    </ClCompile>
    <ClCompile Include="BlackScreen.cpp">
      <Filter>Play\Player</Filter>
    </ClCompile>
    <ClCompile Include="Map1FRoom5EnemyPopo0.cpp">
      <Filter>Play\Enemy\Popo\Room5</Filter>
    </ClCompile>
    <ClCompile Include="ItemGlobalFunction.cpp">
      <Filter>Play\Item</Filter>
    </ClCompile>
    <ClCompile Include="Map1FRoom6Pot0.cpp">
      <Filter>Play\Map\Objects\Pot\Room6</Filter>
    </ClCompile>
    <ClCompile Include="ItemBlueRupee.cpp">
      <Filter>Play\Item\Rupee</Filter>
    </ClCompile>
    <ClCompile Include="ItemGreenRupee.cpp">
      <Filter>Play\Item\Rupee</Filter>
    </ClCompile>
    <ClCompile Include="ItemRedRupee.cpp">
      <Filter>Play\Item\Rupee</Filter>
    </ClCompile>
    <ClCompile Include="Map1FRoom2EnemyPopo0.cpp">
      <Filter>Play\Enemy\Popo</Filter>
    </ClCompile>
    <ClCompile Include="ItemKey.cpp">
      <Filter>Play\Item</Filter>
    </ClCompile>
    <ClCompile Include="ItemBigKey.cpp">
      <Filter>Play\Item</Filter>
    </ClCompile>
    <ClCompile Include="Map1FRoom4Pot0.cpp">
      <Filter>Play\Map\Objects\Pot\Room4</Filter>
    </ClCompile>
    <ClCompile Include="Map1FRoom4TreasureBox.cpp">
      <Filter>Play\Map\Objects\TreasureBox</Filter>
    </ClCompile>
    <ClCompile Include="Map1FRoom6EnemyBlueStalfos0.cpp">
      <Filter>Play\Enemy\BlueStalfos\Room6</Filter>
    </ClCompile>
    <ClCompile Include="Map1FRoom3TreasureBox.cpp">
      <Filter>Play\Map\Objects\TreasureBox</Filter>
    </ClCompile>
    <ClCompile Include="Map1FRoom3EmptyTreasureBox.cpp">
      <Filter>Play\Map\Objects\TreasureBox</Filter>
    </ClCompile>
  </ItemGroup>
  <ItemGroup>
    <Filter Include="Level">
      <UniqueIdentifier>{1a119cb0-b3d1-4cab-a59d-7def3e1acebc}</UniqueIdentifier>
    </Filter>
    <Filter Include="Title">
      <UniqueIdentifier>{62d55c2e-1655-48c9-8b4d-61848661261a}</UniqueIdentifier>
    </Filter>
    <Filter Include="End">
      <UniqueIdentifier>{d895ea52-bb3e-4e54-96cf-83e0bc071d78}</UniqueIdentifier>
    </Filter>
    <Filter Include="Map">
      <UniqueIdentifier>{3e9e6f76-af25-4494-8338-aaae3814126d}</UniqueIdentifier>
    </Filter>
    <Filter Include="Play">
      <UniqueIdentifier>{39722238-d3ab-41e7-8735-113094da0f97}</UniqueIdentifier>
    </Filter>
    <Filter Include="Play\Item">
      <UniqueIdentifier>{d7fffb9d-ca49-4dd8-9d52-5e73ca2be017}</UniqueIdentifier>
    </Filter>
    <Filter Include="Play\Enemy">
      <UniqueIdentifier>{0eb4ae1d-4330-40fd-a1ed-e0d6eb5b27e3}</UniqueIdentifier>
    </Filter>
    <Filter Include="Play\UI">
      <UniqueIdentifier>{bb0d30ac-69a7-43f1-b237-9d7befa57f69}</UniqueIdentifier>
    </Filter>
    <Filter Include="Play\Map">
      <UniqueIdentifier>{c83bb7da-e706-402d-a2ee-ac9d85ef510d}</UniqueIdentifier>
    </Filter>
    <Filter Include="Play\Player">
      <UniqueIdentifier>{ffe82e8b-08cb-493a-8ab4-735e1bb1279f}</UniqueIdentifier>
    </Filter>
    <Filter Include="Play\Player\Equipment">
      <UniqueIdentifier>{2e12ab9e-793e-4667-932f-e3c2a724c15a}</UniqueIdentifier>
    </Filter>
    <Filter Include="Play\Enemy\Yet">
      <UniqueIdentifier>{42b96f0b-90a3-478b-92ed-f51892a2cffe}</UniqueIdentifier>
    </Filter>
    <Filter Include="Play\Map\Objects">
      <UniqueIdentifier>{fbe01fa1-839f-4faf-9d14-929cd02eeabe}</UniqueIdentifier>
    </Filter>
    <Filter Include="Play\Map\Objects\Pot">
      <UniqueIdentifier>{5f48e22a-393e-4a1d-b107-374f7a86179a}</UniqueIdentifier>
    </Filter>
    <Filter Include="Debug">
      <UniqueIdentifier>{8ca7e6b4-9ee1-4ba7-b0ba-d1ab707b4b4a}</UniqueIdentifier>
    </Filter>
    <Filter Include="Play\Enemy\BlueStalfos">
      <UniqueIdentifier>{fe7e71c9-f2f6-4944-ab24-1772aaba0d2b}</UniqueIdentifier>
    </Filter>
    <Filter Include="Play\Enemy\AntiFairy">
      <UniqueIdentifier>{14f4ba83-b4b8-405d-977e-522234ecf98f}</UniqueIdentifier>
    </Filter>
    <Filter Include="Play\Enemy\Popo">
      <UniqueIdentifier>{e23f05f0-51ea-4690-97af-2439b3546ec9}</UniqueIdentifier>
    </Filter>
    <Filter Include="Play\Enemy\Ball">
      <UniqueIdentifier>{9d5436c9-bc65-4e33-84a6-1159bad52e1f}</UniqueIdentifier>
    </Filter>
    <Filter Include="Play\Map\Objects\TreasureBox">
      <UniqueIdentifier>{545b43c3-cf28-4c03-a876-a556ca80dcdb}</UniqueIdentifier>
    </Filter>
    <Filter Include="Play\Map\Objects\Pot\Room1">
      <UniqueIdentifier>{3a9de4a2-2c1b-4763-a7bb-1579a6154959}</UniqueIdentifier>
    </Filter>
    <Filter Include="Play\Map\Objects\Pot\Room7">
      <UniqueIdentifier>{24f02d0c-72cc-49a0-bb45-499564e798f5}</UniqueIdentifier>
    </Filter>
    <Filter Include="Play\Map\Objects\Pot\Room10">
      <UniqueIdentifier>{273d4946-c654-4ea5-a23f-ba6373266e49}</UniqueIdentifier>
    </Filter>
    <Filter Include="Play\Enemy\BlueStalfos\Room7">
      <UniqueIdentifier>{56d5fe44-a203-4d93-ba43-39c0da925c36}</UniqueIdentifier>
    </Filter>
    <Filter Include="Play\Enemy\BlueStalfos\Room9">
      <UniqueIdentifier>{83a0d53c-14d6-4dca-8ee1-b5bd344e8f62}</UniqueIdentifier>
    </Filter>
    <Filter Include="Play\Enemy\BlueStalfos\Room10">
      <UniqueIdentifier>{f5449de4-4497-4f8b-a271-243fd3e9d67a}</UniqueIdentifier>
    </Filter>
    <Filter Include="Play\Enemy\Popo\Room5">
      <UniqueIdentifier>{01e9b5f9-ba43-4ae6-b26d-500e4fcf4ed0}</UniqueIdentifier>
    </Filter>
    <Filter Include="Play\Map\Objects\Pot\Room6">
      <UniqueIdentifier>{b669a867-0b9a-4642-a3d0-c6d6bc3dac29}</UniqueIdentifier>
    </Filter>
    <Filter Include="Play\Item\Rupee">
      <UniqueIdentifier>{4bdd4a78-267f-44c1-9696-faba6d5f9204}</UniqueIdentifier>
    </Filter>
    <Filter Include="Play\Map\Objects\Pot\Room4">
      <UniqueIdentifier>{7a480eae-8b29-4ffe-a0a3-d6dbcb922c2c}</UniqueIdentifier>
    </Filter>
    <Filter Include="Play\Enemy\BlueStalfos\Room6">
      <UniqueIdentifier>{8eb134cd-7184-4061-93b2-febb71412a3a}</UniqueIdentifier>
    </Filter>
  </ItemGroup>
</Project>