<?xml version="1.0" encoding="utf-8"?>
<Project ToolsVersion="4.0" xmlns="http://schemas.microsoft.com/developer/msbuild/2003">
  <ItemGroup>
    <ClInclude Include="Zelda.h" />
    <ClInclude Include="TitleLevel.h">
      <Filter>Level</Filter>
    </ClInclude>
    <ClInclude Include="EndLevel.h">
      <Filter>Level</Filter>
    </ClInclude>
    <ClInclude Include="TitleLogo.h">
      <Filter>Title</Filter>
    </ClInclude>
    <ClInclude Include="TitleBackGround.h">
      <Filter>Title</Filter>
    </ClInclude>
    <ClInclude Include="ItemBlueRupee.h">
      <Filter>Play\Item</Filter>
    </ClInclude>
    <ClInclude Include="ItemBomb.h">
      <Filter>Play\Item</Filter>
    </ClInclude>
    <ClInclude Include="ItemGreenRupee.h">
      <Filter>Play\Item</Filter>
    </ClInclude>
    <ClInclude Include="ItemRecoveryHeart.h">
      <Filter>Play\Item</Filter>
    </ClInclude>
    <ClInclude Include="ItemRedRupee.h">
      <Filter>Play\Item</Filter>
    </ClInclude>
    <ClInclude Include="ItemFairy.h">
      <Filter>Play\Item</Filter>
    </ClInclude>
    <ClInclude Include="PlayerLink.h">
      <Filter>Play\Player</Filter>
    </ClInclude>
    <ClInclude Include="Map.h">
      <Filter>Map</Filter>
    </ClInclude>
    <ClInclude Include="MapLevel.h">
      <Filter>Level</Filter>
    </ClInclude>
    <ClInclude Include="PlayMap1F.h">
      <Filter>Level</Filter>
    </ClInclude>
    <ClInclude Include="PlayMap2F.h">
      <Filter>Level</Filter>
    </ClInclude>
    <ClInclude Include="PlayMapB1F.h">
      <Filter>Level</Filter>
    </ClInclude>
    <ClInclude Include="GameEngineContentsEnum.h" />
    <ClInclude Include="UIHeart.h">
      <Filter>Play\UI</Filter>
    </ClInclude>
    <ClInclude Include="UILayout.h">
      <Filter>Play\UI</Filter>
    </ClInclude>
    <ClInclude Include="UIMagicMeter.h">
      <Filter>Play\UI</Filter>
    </ClInclude>
    <ClInclude Include="Map1F.h">
      <Filter>Play\Map</Filter>
    </ClInclude>
    <ClInclude Include="EXMap.h">
      <Filter>Play\Map</Filter>
    </ClInclude>
    <ClInclude Include="UISelectedItem.h">
      <Filter>Play\UI</Filter>
    </ClInclude>
    <ClInclude Include="UINumbers.h">
      <Filter>Play\UI</Filter>
    </ClInclude>
    <ClInclude Include="Boomerang.h">
      <Filter>Play\Player\Equipment</Filter>
    </ClInclude>
    <ClInclude Include="Map1FRoof.h">
      <Filter>Play\Map</Filter>
    </ClInclude>
    <ClInclude Include="TitleTriangle.h">
      <Filter>Title</Filter>
    </ClInclude>
    <ClInclude Include="TitleTimeObject.h">
      <Filter>Title</Filter>
    </ClInclude>
    <ClInclude Include="TitleNintenPresents.h">
      <Filter>Title</Filter>
    </ClInclude>
    <ClInclude Include="Title19911992.h">
      <Filter>Title</Filter>
    </ClInclude>
    <ClInclude Include="TitleSword.h">
      <Filter>Title</Filter>
    </ClInclude>
    <ClInclude Include="TitleZeldaZ.h">
      <Filter>Title</Filter>
    </ClInclude>
    <ClInclude Include="TitleTripleTrigangle.h">
      <Filter>Title</Filter>
    </ClInclude>
    <ClInclude Include="TitleTwinkle.h">
      <Filter>Title</Filter>
    </ClInclude>
    <ClInclude Include="Map1FBridge.h">
      <Filter>Play\Map</Filter>
    </ClInclude>
    <ClInclude Include="BossArmomsKnight.h">
      <Filter>Play\Enemy\Yet</Filter>
    </ClInclude>
    <ClInclude Include="EnemyAntiFairy.h">
      <Filter>Play\Enemy\Yet</Filter>
    </ClInclude>
    <ClInclude Include="EnemyBlueStalfos.h">
      <Filter>Play\Enemy\Yet</Filter>
    </ClInclude>
    <ClInclude Include="EnemyBubbleGroup.h">
      <Filter>Play\Enemy\Yet</Filter>
    </ClInclude>
    <ClInclude Include="EnemyDeathEffect.h">
      <Filter>Play\Enemy\Yet</Filter>
    </ClInclude>
    <ClInclude Include="EnemyGreenEyegore.h">
      <Filter>Play\Enemy\Yet</Filter>
    </ClInclude>
    <ClInclude Include="EnemyStalfos.h">
      <Filter>Play\Enemy\Yet</Filter>
    </ClInclude>
    <ClInclude Include="Map1FRoom1Pot0.h">
      <Filter>Play\Map\Objects\Pot</Filter>
    </ClInclude>
    <ClInclude Include="EnemyPopo.h">
      <Filter>Play\Enemy\EnemyPopo</Filter>
    </ClInclude>
    <ClInclude Include="Map1FRoom1EnemyPopo1.h">
      <Filter>Play\Enemy\EnemyPopo</Filter>
    </ClInclude>
    <ClInclude Include="Map1FRoom1Pot1.h">
      <Filter>Play\Map\Objects\Pot</Filter>
    </ClInclude>
    <ClInclude Include="Map1FRoom1Pot2.h">
      <Filter>Play\Map\Objects\Pot</Filter>
    </ClInclude>
    <ClInclude Include="Map1FRoom1EnemyPopo2.h">
      <Filter>Play\Enemy\EnemyPopo</Filter>
    </ClInclude>
    <ClInclude Include="Map1FRoom1EnemyPopo0.h">
      <Filter>Play\Enemy\EnemyPopo</Filter>
    </ClInclude>
    <ClInclude Include="GlobalRandom.h" />
    <ClInclude Include="EnemyBall.h">
      <Filter>Play\Enemy\EnemyBall</Filter>
    </ClInclude>
    <ClInclude Include="EnemyGargantuanBall.h">
      <Filter>Play\Enemy\EnemyBall</Filter>
    </ClInclude>
    <ClInclude Include="Map1FBridgeBackGround.h">
      <Filter>Play\Map</Filter>
    </ClInclude>
    <ClInclude Include="Map1F_2.h">
      <Filter>Play\Map</Filter>
    </ClInclude>
    <ClInclude Include="Colmap.h">
      <Filter>Debug</Filter>
    </ClInclude>
  </ItemGroup>
  <ItemGroup>
    <ClCompile Include="Zelda.cpp" />
    <ClCompile Include="TitleLevel.cpp">
      <Filter>Level</Filter>
    </ClCompile>
    <ClCompile Include="EndLevel.cpp">
      <Filter>Level</Filter>
    </ClCompile>
    <ClCompile Include="TitleLogo.cpp">
      <Filter>Title</Filter>
    </ClCompile>
    <ClCompile Include="TitleBackGround.cpp">
      <Filter>Title</Filter>
    </ClCompile>
    <ClCompile Include="ItemBlueRupee.cpp">
      <Filter>Play\Item</Filter>
    </ClCompile>
    <ClCompile Include="ItemBomb.cpp">
      <Filter>Play\Item</Filter>
    </ClCompile>
    <ClCompile Include="ItemGreenRupee.cpp">
      <Filter>Play\Item</Filter>
    </ClCompile>
    <ClCompile Include="ItemRecoveryHeart.cpp">
      <Filter>Play\Item</Filter>
    </ClCompile>
    <ClCompile Include="ItemRedRupee.cpp">
      <Filter>Play\Item</Filter>
    </ClCompile>
    <ClCompile Include="ItemFairy.cpp">
      <Filter>Play\Item</Filter>
    </ClCompile>
    <ClCompile Include="PlayerLink.cpp">
      <Filter>Play\Player</Filter>
    </ClCompile>
    <ClCompile Include="Map.cpp">
      <Filter>Map</Filter>
    </ClCompile>
    <ClCompile Include="MapLevel.cpp">
      <Filter>Level</Filter>
    </ClCompile>
    <ClCompile Include="PlayMap1F.cpp">
      <Filter>Level</Filter>
    </ClCompile>
    <ClCompile Include="PlayMap2F.cpp">
      <Filter>Level</Filter>
    </ClCompile>
    <ClCompile Include="PlayMapB1F.cpp">
      <Filter>Level</Filter>
    </ClCompile>
    <ClCompile Include="UIHeart.cpp">
      <Filter>Play\UI</Filter>
    </ClCompile>
    <ClCompile Include="UILayout.cpp">
      <Filter>Play\UI</Filter>
    </ClCompile>
    <ClCompile Include="UIMagicMeter.cpp">
      <Filter>Play\UI</Filter>
    </ClCompile>
    <ClCompile Include="UINumbers.cpp">
      <Filter>Play\UI</Filter>
    </ClCompile>
    <ClCompile Include="EXMap.cpp">
      <Filter>Play\Map</Filter>
    </ClCompile>
    <ClCompile Include="Map1F.cpp">
      <Filter>Play\Map</Filter>
    </ClCompile>
    <ClCompile Include="UISelectedItem.cpp">
      <Filter>Play\UI</Filter>
    </ClCompile>
    <ClCompile Include="Boomerang.cpp">
      <Filter>Play\Player\Equipment</Filter>
    </ClCompile>
    <ClCompile Include="Map1FRoof.cpp">
      <Filter>Play\Map</Filter>
    </ClCompile>
    <ClCompile Include="TitleTriangle.cpp">
      <Filter>Title</Filter>
    </ClCompile>
    <ClCompile Include="TitleTimeObject.cpp">
      <Filter>Title</Filter>
    </ClCompile>
    <ClCompile Include="TitleNintenPresents.cpp">
      <Filter>Title</Filter>
    </ClCompile>
    <ClCompile Include="Title19911992.cpp">
      <Filter>Title</Filter>
    </ClCompile>
    <ClCompile Include="TitleSword.cpp">
      <Filter>Title</Filter>
    </ClCompile>
    <ClCompile Include="TitleZeldaZ.cpp">
      <Filter>Title</Filter>
    </ClCompile>
    <ClCompile Include="TitleTripleTrigangle.cpp">
      <Filter>Title</Filter>
    </ClCompile>
    <ClCompile Include="TitleTwinkle.cpp">
      <Filter>Title</Filter>
    </ClCompile>
    <ClCompile Include="Map1FBridge.cpp">
      <Filter>Play\Map</Filter>
    </ClCompile>
    <ClCompile Include="BossArmomsKnight.cpp">
      <Filter>Play\Enemy\Yet</Filter>
    </ClCompile>
    <ClCompile Include="EnemyAntiFairy.cpp">
      <Filter>Play\Enemy\Yet</Filter>
    </ClCompile>
    <ClCompile Include="EnemyBlueStalfos.cpp">
      <Filter>Play\Enemy\Yet</Filter>
    </ClCompile>
    <ClCompile Include="EnemyBubbleGroup.cpp">
      <Filter>Play\Enemy\Yet</Filter>
    </ClCompile>
    <ClCompile Include="EnemyDeathEffect.cpp">
      <Filter>Play\Enemy\Yet</Filter>
    </ClCompile>
    <ClCompile Include="EnemyGreenEyegore.cpp">
      <Filter>Play\Enemy\Yet</Filter>
    </ClCompile>
    <ClCompile Include="EnemyStalfos.cpp">
      <Filter>Play\Enemy\Yet</Filter>
    </ClCompile>
    <ClCompile Include="Map1FRoom1Pot0.cpp">
      <Filter>Play\Map\Objects\Pot</Filter>
    </ClCompile>
    <ClCompile Include="PlayerLink_State.cpp">
      <Filter>Play\Player</Filter>
    </ClCompile>
    <ClCompile Include="EnemyPopo.cpp">
      <Filter>Play\Enemy\EnemyPopo</Filter>
    </ClCompile>
    <ClCompile Include="Map1FRoom1EnemyPopo1.cpp">
      <Filter>Play\Enemy\EnemyPopo</Filter>
    </ClCompile>
    <ClCompile Include="Map1FRoom1Pot1.cpp">
      <Filter>Play\Map\Objects\Pot</Filter>
    </ClCompile>
    <ClCompile Include="Map1FRoom1Pot2.cpp">
      <Filter>Play\Map\Objects\Pot</Filter>
    </ClCompile>
    <ClCompile Include="Map1FRoom1EnemyPopo2.cpp">
      <Filter>Play\Enemy\EnemyPopo</Filter>
    </ClCompile>
    <ClCompile Include="Map1FRoom1EnemyPopo0.cpp">
      <Filter>Play\Enemy\EnemyPopo</Filter>
    </ClCompile>
    <ClCompile Include="GlobalRandom.cpp" />
    <ClCompile Include="EnemyBall.cpp">
      <Filter>Play\Enemy\EnemyBall</Filter>
    </ClCompile>
    <ClCompile Include="EnemyGargantuanBall.cpp">
      <Filter>Play\Enemy\EnemyBall</Filter>
    </ClCompile>
    <ClCompile Include="Map1FBridgeBackGround.cpp">
      <Filter>Play\Map</Filter>
    </ClCompile>
    <ClCompile Include="Map1F_2.cpp">
      <Filter>Play\Map</Filter>
    </ClCompile>
    <ClCompile Include="Colmap.cpp">
      <Filter>Debug</Filter>
    </ClCompile>
  </ItemGroup>
  <ItemGroup>
    <Filter Include="Level">
      <UniqueIdentifier>{1a119cb0-b3d1-4cab-a59d-7def3e1acebc}</UniqueIdentifier>
    </Filter>
    <Filter Include="Title">
      <UniqueIdentifier>{62d55c2e-1655-48c9-8b4d-61848661261a}</UniqueIdentifier>
    </Filter>
    <Filter Include="End">
      <UniqueIdentifier>{d895ea52-bb3e-4e54-96cf-83e0bc071d78}</UniqueIdentifier>
    </Filter>
    <Filter Include="Map">
      <UniqueIdentifier>{3e9e6f76-af25-4494-8338-aaae3814126d}</UniqueIdentifier>
    </Filter>
    <Filter Include="Play">
      <UniqueIdentifier>{39722238-d3ab-41e7-8735-113094da0f97}</UniqueIdentifier>
    </Filter>
    <Filter Include="Play\Item">
      <UniqueIdentifier>{d7fffb9d-ca49-4dd8-9d52-5e73ca2be017}</UniqueIdentifier>
    </Filter>
    <Filter Include="Play\Enemy">
      <UniqueIdentifier>{0eb4ae1d-4330-40fd-a1ed-e0d6eb5b27e3}</UniqueIdentifier>
    </Filter>
    <Filter Include="Play\UI">
      <UniqueIdentifier>{bb0d30ac-69a7-43f1-b237-9d7befa57f69}</UniqueIdentifier>
    </Filter>
    <Filter Include="Play\Map">
      <UniqueIdentifier>{c83bb7da-e706-402d-a2ee-ac9d85ef510d}</UniqueIdentifier>
    </Filter>
    <Filter Include="Play\Player">
      <UniqueIdentifier>{ffe82e8b-08cb-493a-8ab4-735e1bb1279f}</UniqueIdentifier>
    </Filter>
    <Filter Include="Play\Player\Equipment">
      <UniqueIdentifier>{2e12ab9e-793e-4667-932f-e3c2a724c15a}</UniqueIdentifier>
    </Filter>
    <Filter Include="Play\Enemy\Yet">
      <UniqueIdentifier>{42b96f0b-90a3-478b-92ed-f51892a2cffe}</UniqueIdentifier>
    </Filter>
    <Filter Include="Play\Map\Objects">
      <UniqueIdentifier>{fbe01fa1-839f-4faf-9d14-929cd02eeabe}</UniqueIdentifier>
    </Filter>
    <Filter Include="Play\Map\Objects\Pot">
      <UniqueIdentifier>{5f48e22a-393e-4a1d-b107-374f7a86179a}</UniqueIdentifier>
    </Filter>
    <Filter Include="Play\Enemy\EnemyPopo">
      <UniqueIdentifier>{e23f05f0-51ea-4690-97af-2439b3546ec9}</UniqueIdentifier>
    </Filter>
    <Filter Include="Play\Map\Objects\Door">
      <UniqueIdentifier>{a17a1f0b-13ec-47cd-8c40-db6a9b4e9069}</UniqueIdentifier>
    </Filter>
    <Filter Include="Play\Enemy\EnemyBall">
      <UniqueIdentifier>{9d5436c9-bc65-4e33-84a6-1159bad52e1f}</UniqueIdentifier>
    </Filter>
    <Filter Include="Debug">
      <UniqueIdentifier>{8ca7e6b4-9ee1-4ba7-b0ba-d1ab707b4b4a}</UniqueIdentifier>
    </Filter>
  </ItemGroup>
</Project>